
Microsoft Visual Studio Solution File, Format Version 12.00
# Visual Studio Version 16
VisualStudioVersion = 16.0.30128.74
MinimumVisualStudioVersion = 10.0.40219.1
Project("{FAE04EC0-301F-11D3-BF4B-00C04F79EFBC}") = "StrassenAlgorithm", "StrassenAlgorithm\StrassenAlgorithm.csproj", "{3DC9DFAE-DF42-47C4-860D-75FB034763AA}"
EndProject
Global
	GlobalSection(SolutionConfigurationPlatforms) = preSolution
		Debug|Any CPU = Debug|Any CPU
		Release|Any CPU = Release|Any CPU
	EndGlobalSection
	GlobalSection(ProjectConfigurationPlatforms) = postSolution
		{3DC9DFAE-DF42-47C4-860D-75FB034763AA}.Debug|Any CPU.ActiveCfg = Debug|Any CPU
		{3DC9DFAE-DF42-47C4-860D-75FB034763AA}.Debug|Any CPU.Build.0 = Debug|Any CPU
		{3DC9DFAE-DF42-47C4-860D-75FB034763AA}.Release|Any CPU.ActiveCfg = Release|Any CPU
		{3DC9DFAE-DF42-47C4-860D-75FB034763AA}.Release|Any CPU.Build.0 = Release|Any CPU
	EndGlobalSection
	GlobalSection(SolutionProperties) = preSolution
		HideSolutionNode = FALSE
	EndGlobalSection
	GlobalSection(ExtensibilityGlobals) = postSolution
		SolutionGuid = {72C0DA8D-D229-4616-95FD-86B03768F0AE}
	EndGlobalSection
EndGlobal
